
Microsoft Visual Studio Solution File, Format Version 12.00
# Visual Studio Version 17
VisualStudioVersion = 17.3.32825.248
MinimumVisualStudioVersion = 10.0.40219.1
Project("{FAE04EC0-301F-11D3-BF4B-00C04F79EFBC}") = "dz 09.03", "dz 09.03\dz 09.03.csproj", "{BB85C427-F4B3-4CCE-AC09-43EE1FA7B280}"
EndProject
Global
	GlobalSection(SolutionConfigurationPlatforms) = preSolution
		Debug|Any CPU = Debug|Any CPU
		Release|Any CPU = Release|Any CPU
	EndGlobalSection
	GlobalSection(ProjectConfigurationPlatforms) = postSolution
		{BB85C427-F4B3-4CCE-AC09-43EE1FA7B280}.Debug|Any CPU.ActiveCfg = Debug|Any CPU
		{BB85C427-F4B3-4CCE-AC09-43EE1FA7B280}.Debug|Any CPU.Build.0 = Debug|Any CPU
		{BB85C427-F4B3-4CCE-AC09-43EE1FA7B280}.Release|Any CPU.ActiveCfg = Release|Any CPU
		{BB85C427-F4B3-4CCE-AC09-43EE1FA7B280}.Release|Any CPU.Build.0 = Release|Any CPU
	EndGlobalSection
	GlobalSection(SolutionProperties) = preSolution
		HideSolutionNode = FALSE
	EndGlobalSection
	GlobalSection(ExtensibilityGlobals) = postSolution
		SolutionGuid = {F00A868C-8AC6-4AD0-B635-E544AE2970DA}
	EndGlobalSection
EndGlobal
